// !$*UTF8*$!
{
	archiveVersion = 1;
	classes = {
	};
	objectVersion = 46;
	objects = {

/* Begin PBXBuildFile section */
		FA1017091DD8928C00208E57 /* CustomTableViewController.swift in Sources */ = {isa = PBXBuildFile; fileRef = FA1016F01DD88FE900208E57 /* CustomTableViewController.swift */; };
		FA1862121DD74B46003CCF69 /* SwiftNotice.swift in Sources */ = {isa = PBXBuildFile; fileRef = FA1862111DD74B46003CCF69 /* SwiftNotice.swift */; };
		FA78973E1DD605EA00D41131 /* AppDelegate.swift in Sources */ = {isa = PBXBuildFile; fileRef = FA78973D1DD605EA00D41131 /* AppDelegate.swift */; };
		FA7897431DD605EB00D41131 /* Main.storyboard in Resources */ = {isa = PBXBuildFile; fileRef = FA7897411DD605EB00D41131 /* Main.storyboard */; };
		FA7897451DD605EB00D41131 /* Assets.xcassets in Resources */ = {isa = PBXBuildFile; fileRef = FA7897441DD605EB00D41131 /* Assets.xcassets */; };
		FA7897481DD605EB00D41131 /* LaunchScreen.storyboard in Resources */ = {isa = PBXBuildFile; fileRef = FA7897461DD605EB00D41131 /* LaunchScreen.storyboard */; };
		FA7897501DD607ED00D41131 /* TableViewController.swift in Sources */ = {isa = PBXBuildFile; fileRef = FA78974F1DD607ED00D41131 /* TableViewController.swift */; };
		FAC2953E1DDC5565001F1736 /* AboutViewController.swift in Sources */ = {isa = PBXBuildFile; fileRef = FAC2953D1DDC5565001F1736 /* AboutViewController.swift */; };
/* End PBXBuildFile section */

/* Begin PBXFileReference section */
		FA1016F01DD88FE900208E57 /* CustomTableViewController.swift */ = {isa = PBXFileReference; fileEncoding = 4; lastKnownFileType = sourcecode.swift; path = CustomTableViewController.swift; sourceTree = "<group>"; };
		FA1862111DD74B46003CCF69 /* SwiftNotice.swift */ = {isa = PBXFileReference; fileEncoding = 4; lastKnownFileType = sourcecode.swift; path = SwiftNotice.swift; sourceTree = "<group>"; };
		FA78973A1DD605EA00D41131 /* BluetoothMIDI.app */ = {isa = PBXFileReference; explicitFileType = wrapper.application; includeInIndex = 0; path = BluetoothMIDI.app; sourceTree = BUILT_PRODUCTS_DIR; };
		FA78973D1DD605EA00D41131 /* AppDelegate.swift */ = {isa = PBXFileReference; lastKnownFileType = sourcecode.swift; path = AppDelegate.swift; sourceTree = "<group>"; };
		FA7897421DD605EB00D41131 /* Base */ = {isa = PBXFileReference; lastKnownFileType = file.storyboard; name = Base; path = Base.lproj/Main.storyboard; sourceTree = "<group>"; };
		FA7897441DD605EB00D41131 /* Assets.xcassets */ = {isa = PBXFileReference; lastKnownFileType = folder.assetcatalog; path = Assets.xcassets; sourceTree = "<group>"; };
		FA7897471DD605EB00D41131 /* Base */ = {isa = PBXFileReference; lastKnownFileType = file.storyboard; name = Base; path = Base.lproj/LaunchScreen.storyboard; sourceTree = "<group>"; };
		FA7897491DD605EB00D41131 /* Info.plist */ = {isa = PBXFileReference; lastKnownFileType = text.plist.xml; path = Info.plist; sourceTree = "<group>"; };
		FA78974F1DD607ED00D41131 /* TableViewController.swift */ = {isa = PBXFileReference; fileEncoding = 4; lastKnownFileType = sourcecode.swift; path = TableViewController.swift; sourceTree = "<group>"; };
		FAC2953D1DDC5565001F1736 /* AboutViewController.swift */ = {isa = PBXFileReference; fileEncoding = 4; lastKnownFileType = sourcecode.swift; path = AboutViewController.swift; sourceTree = "<group>"; };
/* End PBXFileReference section */

/* Begin PBXFrameworksBuildPhase section */
		FA7897371DD605E600D41131 /* Frameworks */ = {
			isa = PBXFrameworksBuildPhase;
			buildActionMask = 2147483647;
			files = (
			);
			runOnlyForDeploymentPostprocessing = 0;
		};
/* End PBXFrameworksBuildPhase section */

/* Begin PBXGroup section */
		FA7897311DD605E500D41131 = {
			isa = PBXGroup;
			children = (
				FA78973C1DD605EA00D41131 /* BluetoothMIDI */,
				FA78973B1DD605EA00D41131 /* Products */,
			);
			sourceTree = "<group>";
		};
		FA78973B1DD605EA00D41131 /* Products */ = {
			isa = PBXGroup;
			children = (
				FA78973A1DD605EA00D41131 /* BluetoothMIDI.app */,
			);
			name = Products;
			sourceTree = "<group>";
		};
		FA78973C1DD605EA00D41131 /* BluetoothMIDI */ = {
			isa = PBXGroup;
			children = (
				FA78973D1DD605EA00D41131 /* AppDelegate.swift */,
				FA78974F1DD607ED00D41131 /* TableViewController.swift */,
				FAC2953D1DDC5565001F1736 /* AboutViewController.swift */,
				FA1862111DD74B46003CCF69 /* SwiftNotice.swift */,
				FA1016F01DD88FE900208E57 /* CustomTableViewController.swift */,
				FA7897411DD605EB00D41131 /* Main.storyboard */,
				FA7897441DD605EB00D41131 /* Assets.xcassets */,
				FA7897461DD605EB00D41131 /* LaunchScreen.storyboard */,
				FA7897491DD605EB00D41131 /* Info.plist */,
			);
			path = BluetoothMIDI;
			sourceTree = "<group>";
		};
/* End PBXGroup section */

/* Begin PBXNativeTarget section */
		FA7897391DD605E600D41131 /* BluetoothMIDI */ = {
			isa = PBXNativeTarget;
			buildConfigurationList = FA78974C1DD605EB00D41131 /* Build configuration list for PBXNativeTarget "BluetoothMIDI" */;
			buildPhases = (
				FA7897361DD605E600D41131 /* Sources */,
				FA7897371DD605E600D41131 /* Frameworks */,
				FA7897381DD605E600D41131 /* Resources */,
			);
			buildRules = (
			);
			dependencies = (
			);
			name = BluetoothMIDI;
			productName = BluetoothMIDI;
			productReference = FA78973A1DD605EA00D41131 /* BluetoothMIDI.app */;
			productType = "com.apple.product-type.application";
		};
/* End PBXNativeTarget section */

/* Begin PBXProject section */
		FA7897321DD605E600D41131 /* Project object */ = {
			isa = PBXProject;
			attributes = {
				LastSwiftUpdateCheck = 0810;
				LastUpgradeCheck = 0810;
				ORGANIZATIONNAME = Hangar42;
				TargetAttributes = {
					FA7897391DD605E600D41131 = {
						CreatedOnToolsVersion = 8.1;
						DevelopmentTeam = B22Z7NLA6E;
						ProvisioningStyle = Automatic;
						SystemCapabilities = {
							com.apple.BackgroundModes = {
								enabled = 1;
							};
						};
					};
				};
			};
			buildConfigurationList = FA7897351DD605E600D41131 /* Build configuration list for PBXProject "BluetoothMIDI" */;
			compatibilityVersion = "Xcode 3.2";
			developmentRegion = English;
			hasScannedForEncodings = 0;
			knownRegions = (
				en,
				Base,
			);
			mainGroup = FA7897311DD605E500D41131;
			productRefGroup = FA78973B1DD605EA00D41131 /* Products */;
			projectDirPath = "";
			projectRoot = "";
			targets = (
				FA7897391DD605E600D41131 /* BluetoothMIDI */,
			);
		};
/* End PBXProject section */

/* Begin PBXResourcesBuildPhase section */
		FA7897381DD605E600D41131 /* Resources */ = {
			isa = PBXResourcesBuildPhase;
			buildActionMask = 2147483647;
			files = (
				FA7897481DD605EB00D41131 /* LaunchScreen.storyboard in Resources */,
				FA7897451DD605EB00D41131 /* Assets.xcassets in Resources */,
				FA7897431DD605EB00D41131 /* Main.storyboard in Resources */,
			);
			runOnlyForDeploymentPostprocessing = 0;
		};
/* End PBXResourcesBuildPhase section */

/* Begin PBXSourcesBuildPhase section */
		FA7897361DD605E600D41131 /* Sources */ = {
			isa = PBXSourcesBuildPhase;
			buildActionMask = 2147483647;
			files = (
				FA1017091DD8928C00208E57 /* CustomTableViewController.swift in Sources */,
				FA1862121DD74B46003CCF69 /* SwiftNotice.swift in Sources */,
				FA78973E1DD605EA00D41131 /* AppDelegate.swift in Sources */,
				FAC2953E1DDC5565001F1736 /* AboutViewController.swift in Sources */,
				FA7897501DD607ED00D41131 /* TableViewController.swift in Sources */,
			);
			runOnlyForDeploymentPostprocessing = 0;
		};
/* End PBXSourcesBuildPhase section */

/* Begin PBXVariantGroup section */
		FA7897411DD605EB00D41131 /* Main.storyboard */ = {
			isa = PBXVariantGroup;
			children = (
				FA7897421DD605EB00D41131 /* Base */,
			);
			name = Main.storyboard;
			sourceTree = "<group>";
		};
		FA7897461DD605EB00D41131 /* LaunchScreen.storyboard */ = {
			isa = PBXVariantGroup;
			children = (
				FA7897471DD605EB00D41131 /* Base */,
			);
			name = LaunchScreen.storyboard;
			sourceTree = "<group>";
		};
/* End PBXVariantGroup section */

/* Begin XCBuildConfiguration section */
		FA78974A1DD605EB00D41131 /* Debug */ = {
			isa = XCBuildConfiguration;
			buildSettings = {
				ALWAYS_SEARCH_USER_PATHS = NO;
				CLANG_ANALYZER_NONNULL = YES;
				CLANG_CXX_LANGUAGE_STANDARD = "gnu++0x";
				CLANG_CXX_LIBRARY = "libc++";
				CLANG_ENABLE_MODULES = YES;
				CLANG_ENABLE_OBJC_ARC = YES;
				CLANG_WARN_BOOL_CONVERSION = YES;
				CLANG_WARN_CONSTANT_CONVERSION = YES;
				CLANG_WARN_DIRECT_OBJC_ISA_USAGE = YES_ERROR;
				CLANG_WARN_DOCUMENTATION_COMMENTS = YES;
				CLANG_WARN_EMPTY_BODY = YES;
				CLANG_WARN_ENUM_CONVERSION = YES;
				CLANG_WARN_INFINITE_RECURSION = YES;
				CLANG_WARN_INT_CONVERSION = YES;
				CLANG_WARN_OBJC_ROOT_CLASS = YES_ERROR;
				CLANG_WARN_SUSPICIOUS_MOVES = YES;
				CLANG_WARN_UNREACHABLE_CODE = YES;
				CLANG_WARN__DUPLICATE_METHOD_MATCH = YES;
				"CODE_SIGN_IDENTITY[sdk=iphoneos*]" = "iPhone Developer";
				COPY_PHASE_STRIP = NO;
				DEBUG_INFORMATION_FORMAT = dwarf;
				ENABLE_STRICT_OBJC_MSGSEND = YES;
				ENABLE_TESTABILITY = YES;
				GCC_C_LANGUAGE_STANDARD = gnu99;
				GCC_DYNAMIC_NO_PIC = NO;
				GCC_NO_COMMON_BLOCKS = YES;
				GCC_OPTIMIZATION_LEVEL = 0;
				GCC_PREPROCESSOR_DEFINITIONS = (
					"DEBUG=1",
					"$(inherited)",
				);
				GCC_WARN_64_TO_32_BIT_CONVERSION = YES;
				GCC_WARN_ABOUT_RETURN_TYPE = YES_ERROR;
				GCC_WARN_UNDECLARED_SELECTOR = YES;
				GCC_WARN_UNINITIALIZED_AUTOS = YES_AGGRESSIVE;
				GCC_WARN_UNUSED_FUNCTION = YES;
				GCC_WARN_UNUSED_VARIABLE = YES;
				IPHONEOS_DEPLOYMENT_TARGET = 10.1;
				MTL_ENABLE_DEBUG_INFO = YES;
				ONLY_ACTIVE_ARCH = YES;
				SDKROOT = iphoneos;
				SWIFT_ACTIVE_COMPILATION_CONDITIONS = DEBUG;
				SWIFT_OPTIMIZATION_LEVEL = "-Onone";
				TARGETED_DEVICE_FAMILY = "1,2";
			};
			name = Debug;
		};
		FA78974B1DD605EB00D41131 /* Release */ = {
			isa = XCBuildConfiguration;
			buildSettings = {
				ALWAYS_SEARCH_USER_PATHS = NO;
				CLANG_ANALYZER_NONNULL = YES;
				CLANG_CXX_LANGUAGE_STANDARD = "gnu++0x";
				CLANG_CXX_LIBRARY = "libc++";
				CLANG_ENABLE_MODULES = YES;
				CLANG_ENABLE_OBJC_ARC = YES;
				CLANG_WARN_BOOL_CONVERSION = YES;
				CLANG_WARN_CONSTANT_CONVERSION = YES;
				CLANG_WARN_DIRECT_OBJC_ISA_USAGE = YES_ERROR;
				CLANG_WARN_DOCUMENTATION_COMMENTS = YES;
				CLANG_WARN_EMPTY_BODY = YES;
				CLANG_WARN_ENUM_CONVERSION = YES;
				CLANG_WARN_INFINITE_RECURSION = YES;
				CLANG_WARN_INT_CONVERSION = YES;
				CLANG_WARN_OBJC_ROOT_CLASS = YES_ERROR;
				CLANG_WARN_SUSPICIOUS_MOVES = YES;
				CLANG_WARN_UNREACHABLE_CODE = YES;
				CLANG_WARN__DUPLICATE_METHOD_MATCH = YES;
				"CODE_SIGN_IDENTITY[sdk=iphoneos*]" = "iPhone Developer";
				COPY_PHASE_STRIP = NO;
				DEBUG_INFORMATION_FORMAT = "dwarf-with-dsym";
				ENABLE_NS_ASSERTIONS = NO;
				ENABLE_STRICT_OBJC_MSGSEND = YES;
				GCC_C_LANGUAGE_STANDARD = gnu99;
				GCC_NO_COMMON_BLOCKS = YES;
				GCC_WARN_64_TO_32_BIT_CONVERSION = YES;
				GCC_WARN_ABOUT_RETURN_TYPE = YES_ERROR;
				GCC_WARN_UNDECLARED_SELECTOR = YES;
				GCC_WARN_UNINITIALIZED_AUTOS = YES_AGGRESSIVE;
				GCC_WARN_UNUSED_FUNCTION = YES;
				GCC_WARN_UNUSED_VARIABLE = YES;
				IPHONEOS_DEPLOYMENT_TARGET = 10.1;
				MTL_ENABLE_DEBUG_INFO = NO;
				SDKROOT = iphoneos;
				SWIFT_OPTIMIZATION_LEVEL = "-Owholemodule";
				TARGETED_DEVICE_FAMILY = "1,2";
				VALIDATE_PRODUCT = YES;
			};
			name = Release;
		};
		FA78974D1DD605EB00D41131 /* Debug */ = {
			isa = XCBuildConfiguration;
			buildSettings = {
				ASSETCATALOG_COMPILER_APPICON_NAME = AppIcon;
				DEVELOPMENT_TEAM = B22Z7NLA6E;
				INFOPLIST_FILE = BluetoothMIDI/Info.plist;
				IPHONEOS_DEPLOYMENT_TARGET = 9.3;
				LD_RUNPATH_SEARCH_PATHS = "$(inherited) @executable_path/Frameworks";
				PRODUCT_BUNDLE_IDENTIFIER = nl.hangar42.BluetoothMIDI;
				PRODUCT_NAME = "$(TARGET_NAME)";
				SWIFT_VERSION = 3.0;
			};
			name = Debug;
		};
		FA78974E1DD605EB00D41131 /* Release */ = {
			isa = XCBuildConfiguration;
			buildSettings = {
				ASSETCATALOG_COMPILER_APPICON_NAME = AppIcon;
				DEVELOPMENT_TEAM = B22Z7NLA6E;
				INFOPLIST_FILE = BluetoothMIDI/Info.plist;
				IPHONEOS_DEPLOYMENT_TARGET = 9.3;
				LD_RUNPATH_SEARCH_PATHS = "$(inherited) @executable_path/Frameworks";
				PRODUCT_BUNDLE_IDENTIFIER = nl.hangar42.BluetoothMIDI;
				PRODUCT_NAME = "$(TARGET_NAME)";
				SWIFT_VERSION = 3.0;
			};
			name = Release;
		};
/* End XCBuildConfiguration section */

/* Begin XCConfigurationList section */
		FA7897351DD605E600D41131 /* Build configuration list for PBXProject "BluetoothMIDI" */ = {
			isa = XCConfigurationList;
			buildConfigurations = (
				FA78974A1DD605EB00D41131 /* Debug */,
				FA78974B1DD605EB00D41131 /* Release */,
			);
			defaultConfigurationIsVisible = 0;
			defaultConfigurationName = Release;
		};
		FA78974C1DD605EB00D41131 /* Build configuration list for PBXNativeTarget "BluetoothMIDI" */ = {
			isa = XCConfigurationList;
			buildConfigurations = (
				FA78974D1DD605EB00D41131 /* Debug */,
				FA78974E1DD605EB00D41131 /* Release */,
			);
			defaultConfigurationIsVisible = 0;
			defaultConfigurationName = Release;
		};
/* End XCConfigurationList section */
	};
	rootObject = FA7897321DD605E600D41131 /* Project object */;
}
